
Microsoft Visual Studio Solution File, Format Version 12.00
# Visual Studio Version 17
VisualStudioVersion = 17.2.32519.379
MinimumVisualStudioVersion = 10.0.40219.1
Project("{2150E333-8FDC-42A3-9474-1A3956D46DE8}") = "1 - Layers", "1 - Layers", "{7486E730-4D35-4095-B647-9174283B102A}"
EndProject
Project("{2150E333-8FDC-42A3-9474-1A3956D46DE8}") = "1.0 - Presentation", "1.0 - Presentation", "{CAF1346B-EE36-471E-8FFF-8F5D1B9568ED}"
EndProject
Project("{2150E333-8FDC-42A3-9474-1A3956D46DE8}") = "1.1 - Distributed Services", "1.1 - Distributed Services", "{F6E97BDB-2FA4-4AD9-8EC6-64A4ECAB0180}"
EndProject
Project("{2150E333-8FDC-42A3-9474-1A3956D46DE8}") = "1.2 - Application", "1.2 - Application", "{4092D56E-5B0B-4388-AFC3-DD1E2B51A995}"
EndProject
Project("{2150E333-8FDC-42A3-9474-1A3956D46DE8}") = "1.3 - Business", "1.3 - Business", "{60FB115C-A358-49B0-9DBB-AAD39E702469}"
EndProject
Project("{2150E333-8FDC-42A3-9474-1A3956D46DE8}") = "1.4 - Data Access", "1.4 - Data Access", "{E88E3683-7275-40D6-A036-4EA0C24AA7B7}"
EndProject
Project("{2150E333-8FDC-42A3-9474-1A3956D46DE8}") = "1.5 - Cross Cutting", "1.5 - Cross Cutting", "{E13CA38C-3CB5-4CC2-B754-DD2148B990D4}"
EndProject
Project("{FAE04EC0-301F-11D3-BF4B-00C04F79EFBC}") = "pryPlayers-API", "pryPlayers-API\pryPlayers-API.csproj", "{791A503C-783B-40BA-B8BD-7FB4059CF9BC}"
EndProject
Project("{FAE04EC0-301F-11D3-BF4B-00C04F79EFBC}") = "pryPlayers.Application", "pryPlayers.Application\pryPlayers.Application.csproj", "{150CCFFB-B7DB-4DBF-8BFC-0E75E8B74A09}"
EndProject
Project("{FAE04EC0-301F-11D3-BF4B-00C04F79EFBC}") = "pryPlayers.Application.Contracts", "pryPlayers.Application.Contracts\pryPlayers.Application.Contracts.csproj", "{2D2744F0-74E6-422C-9A5D-64158134C899}"
EndProject
Project("{FAE04EC0-301F-11D3-BF4B-00C04F79EFBC}") = "pryPlayers.Business", "pryPlayers.Business\pryPlayers.Business.csproj", "{192CC778-699C-4FD9-A44F-D104E5DDD6AD}"
EndProject
Project("{FAE04EC0-301F-11D3-BF4B-00C04F79EFBC}") = "pryPlayers.Business.Contracts", "pryPlayers.Business.Contracts\pryPlayers.Business.Contracts.csproj", "{3105C379-DC6C-433A-AA0D-E30375990965}"
EndProject
Project("{FAE04EC0-301F-11D3-BF4B-00C04F79EFBC}") = "pryPlayers.DataAccess.Contracts", "pryPlayers.DataAccess.Contracts\pryPlayers.DataAccess.Contracts.csproj", "{7F6F4586-F53B-4681-8CE8-780819106B7E}"
EndProject
Project("{FAE04EC0-301F-11D3-BF4B-00C04F79EFBC}") = "pryPlayers.DataAccess", "pryPlayers.DataAccess\pryPlayers.DataAccess.csproj", "{4383C4C0-78A1-492E-901A-E21334C1950F}"
EndProject
Project("{FAE04EC0-301F-11D3-BF4B-00C04F79EFBC}") = "pryPlayers.CrossCutting.IoC", "pryPlayers.CrossCutting.IoC\pryPlayers.CrossCutting.IoC.csproj", "{29444477-8023-40E2-A407-0B0322C6DA91}"
EndProject
Global
	GlobalSection(SolutionConfigurationPlatforms) = preSolution
		Debug|Any CPU = Debug|Any CPU
		Release|Any CPU = Release|Any CPU
	EndGlobalSection
	GlobalSection(ProjectConfigurationPlatforms) = postSolution
		{791A503C-783B-40BA-B8BD-7FB4059CF9BC}.Debug|Any CPU.ActiveCfg = Debug|Any CPU
		{791A503C-783B-40BA-B8BD-7FB4059CF9BC}.Debug|Any CPU.Build.0 = Debug|Any CPU
		{791A503C-783B-40BA-B8BD-7FB4059CF9BC}.Release|Any CPU.ActiveCfg = Release|Any CPU
		{791A503C-783B-40BA-B8BD-7FB4059CF9BC}.Release|Any CPU.Build.0 = Release|Any CPU
		{150CCFFB-B7DB-4DBF-8BFC-0E75E8B74A09}.Debug|Any CPU.ActiveCfg = Debug|Any CPU
		{150CCFFB-B7DB-4DBF-8BFC-0E75E8B74A09}.Debug|Any CPU.Build.0 = Debug|Any CPU
		{150CCFFB-B7DB-4DBF-8BFC-0E75E8B74A09}.Release|Any CPU.ActiveCfg = Release|Any CPU
		{150CCFFB-B7DB-4DBF-8BFC-0E75E8B74A09}.Release|Any CPU.Build.0 = Release|Any CPU
		{2D2744F0-74E6-422C-9A5D-64158134C899}.Debug|Any CPU.ActiveCfg = Debug|Any CPU
		{2D2744F0-74E6-422C-9A5D-64158134C899}.Debug|Any CPU.Build.0 = Debug|Any CPU
		{2D2744F0-74E6-422C-9A5D-64158134C899}.Release|Any CPU.ActiveCfg = Release|Any CPU
		{2D2744F0-74E6-422C-9A5D-64158134C899}.Release|Any CPU.Build.0 = Release|Any CPU
		{192CC778-699C-4FD9-A44F-D104E5DDD6AD}.Debug|Any CPU.ActiveCfg = Debug|Any CPU
		{192CC778-699C-4FD9-A44F-D104E5DDD6AD}.Debug|Any CPU.Build.0 = Debug|Any CPU
		{192CC778-699C-4FD9-A44F-D104E5DDD6AD}.Release|Any CPU.ActiveCfg = Release|Any CPU
		{192CC778-699C-4FD9-A44F-D104E5DDD6AD}.Release|Any CPU.Build.0 = Release|Any CPU
		{3105C379-DC6C-433A-AA0D-E30375990965}.Debug|Any CPU.ActiveCfg = Debug|Any CPU
		{3105C379-DC6C-433A-AA0D-E30375990965}.Debug|Any CPU.Build.0 = Debug|Any CPU
		{3105C379-DC6C-433A-AA0D-E30375990965}.Release|Any CPU.ActiveCfg = Release|Any CPU
		{3105C379-DC6C-433A-AA0D-E30375990965}.Release|Any CPU.Build.0 = Release|Any CPU
		{7F6F4586-F53B-4681-8CE8-780819106B7E}.Debug|Any CPU.ActiveCfg = Debug|Any CPU
		{7F6F4586-F53B-4681-8CE8-780819106B7E}.Debug|Any CPU.Build.0 = Debug|Any CPU
		{7F6F4586-F53B-4681-8CE8-780819106B7E}.Release|Any CPU.ActiveCfg = Release|Any CPU
		{7F6F4586-F53B-4681-8CE8-780819106B7E}.Release|Any CPU.Build.0 = Release|Any CPU
		{4383C4C0-78A1-492E-901A-E21334C1950F}.Debug|Any CPU.ActiveCfg = Debug|Any CPU
		{4383C4C0-78A1-492E-901A-E21334C1950F}.Debug|Any CPU.Build.0 = Debug|Any CPU
		{4383C4C0-78A1-492E-901A-E21334C1950F}.Release|Any CPU.ActiveCfg = Release|Any CPU
		{4383C4C0-78A1-492E-901A-E21334C1950F}.Release|Any CPU.Build.0 = Release|Any CPU
		{29444477-8023-40E2-A407-0B0322C6DA91}.Debug|Any CPU.ActiveCfg = Debug|Any CPU
		{29444477-8023-40E2-A407-0B0322C6DA91}.Debug|Any CPU.Build.0 = Debug|Any CPU
		{29444477-8023-40E2-A407-0B0322C6DA91}.Release|Any CPU.ActiveCfg = Release|Any CPU
		{29444477-8023-40E2-A407-0B0322C6DA91}.Release|Any CPU.Build.0 = Release|Any CPU
	EndGlobalSection
	GlobalSection(SolutionProperties) = preSolution
		HideSolutionNode = FALSE
	EndGlobalSection
	GlobalSection(NestedProjects) = preSolution
		{CAF1346B-EE36-471E-8FFF-8F5D1B9568ED} = {7486E730-4D35-4095-B647-9174283B102A}
		{F6E97BDB-2FA4-4AD9-8EC6-64A4ECAB0180} = {7486E730-4D35-4095-B647-9174283B102A}
		{4092D56E-5B0B-4388-AFC3-DD1E2B51A995} = {7486E730-4D35-4095-B647-9174283B102A}
		{60FB115C-A358-49B0-9DBB-AAD39E702469} = {7486E730-4D35-4095-B647-9174283B102A}
		{E88E3683-7275-40D6-A036-4EA0C24AA7B7} = {7486E730-4D35-4095-B647-9174283B102A}
		{E13CA38C-3CB5-4CC2-B754-DD2148B990D4} = {7486E730-4D35-4095-B647-9174283B102A}
		{791A503C-783B-40BA-B8BD-7FB4059CF9BC} = {F6E97BDB-2FA4-4AD9-8EC6-64A4ECAB0180}
		{150CCFFB-B7DB-4DBF-8BFC-0E75E8B74A09} = {4092D56E-5B0B-4388-AFC3-DD1E2B51A995}
		{2D2744F0-74E6-422C-9A5D-64158134C899} = {4092D56E-5B0B-4388-AFC3-DD1E2B51A995}
		{192CC778-699C-4FD9-A44F-D104E5DDD6AD} = {60FB115C-A358-49B0-9DBB-AAD39E702469}
		{3105C379-DC6C-433A-AA0D-E30375990965} = {60FB115C-A358-49B0-9DBB-AAD39E702469}
		{7F6F4586-F53B-4681-8CE8-780819106B7E} = {E88E3683-7275-40D6-A036-4EA0C24AA7B7}
		{4383C4C0-78A1-492E-901A-E21334C1950F} = {E88E3683-7275-40D6-A036-4EA0C24AA7B7}
		{29444477-8023-40E2-A407-0B0322C6DA91} = {E13CA38C-3CB5-4CC2-B754-DD2148B990D4}
	EndGlobalSection
	GlobalSection(ExtensibilityGlobals) = postSolution
		SolutionGuid = {F0B5D774-A431-41B7-B959-2D5FE87FDF00}
	EndGlobalSection
EndGlobal
